
Microsoft Visual Studio Solution File, Format Version 12.00
# Visual Studio 14
VisualStudioVersion = 14.0.25123.0
MinimumVisualStudioVersion = 10.0.40219.1
Project("{FAE04EC0-301F-11D3-BF4B-00C04F79EFBC}") = "ConsoleApplicationIntitucion", "ConsoleApplicationIntitucion\ConsoleApplicationIntitucion.csproj", "{1D0BCCF0-FF37-4248-ADEE-90A034E12338}"
EndProject
Project("{FAE04EC0-301F-11D3-BF4B-00C04F79EFBC}") = "ConsoleApplicationIntitucionTests", "ConsoleApplicationIntitucionTests\ConsoleApplicationIntitucionTests.csproj", "{B57A1762-14F6-4B56-96C7-065BC5FD97A4}"
EndProject
Global
	GlobalSection(SolutionConfigurationPlatforms) = preSolution
		Debug|Any CPU = Debug|Any CPU
		Release|Any CPU = Release|Any CPU
	EndGlobalSection
	GlobalSection(ProjectConfigurationPlatforms) = postSolution
		{1D0BCCF0-FF37-4248-ADEE-90A034E12338}.Debug|Any CPU.ActiveCfg = Debug|Any CPU
		{1D0BCCF0-FF37-4248-ADEE-90A034E12338}.Debug|Any CPU.Build.0 = Debug|Any CPU
		{1D0BCCF0-FF37-4248-ADEE-90A034E12338}.Release|Any CPU.ActiveCfg = Release|Any CPU
		{1D0BCCF0-FF37-4248-ADEE-90A034E12338}.Release|Any CPU.Build.0 = Release|Any CPU
		{B57A1762-14F6-4B56-96C7-065BC5FD97A4}.Debug|Any CPU.ActiveCfg = Debug|Any CPU
		{B57A1762-14F6-4B56-96C7-065BC5FD97A4}.Debug|Any CPU.Build.0 = Debug|Any CPU
		{B57A1762-14F6-4B56-96C7-065BC5FD97A4}.Release|Any CPU.ActiveCfg = Release|Any CPU
		{B57A1762-14F6-4B56-96C7-065BC5FD97A4}.Release|Any CPU.Build.0 = Release|Any CPU
	EndGlobalSection
	GlobalSection(SolutionProperties) = preSolution
		HideSolutionNode = FALSE
	EndGlobalSection
EndGlobal
